
Microsoft Visual Studio Solution File, Format Version 12.00
# Visual Studio 14
VisualStudioVersion = 14.0.25420.1
MinimumVisualStudioVersion = 10.0.40219.1
Project("{FAE04EC0-301F-11D3-BF4B-00C04F79EFBC}") = "WindowsForm32018", "WindowsForm32018\WindowsForm32018.csproj", "{290F06F5-34A2-4978-AA42-776275BF48CD}"
EndProject
Project("{FAE04EC0-301F-11D3-BF4B-00C04F79EFBC}") = "INF518Core", "INF518Core\INF518Core.csproj", "{B579D0C8-44A0-46D0-8CDD-4E8AE85E0292}"
EndProject
Global
	GlobalSection(SolutionConfigurationPlatforms) = preSolution
		Debug|Any CPU = Debug|Any CPU
		Release|Any CPU = Release|Any CPU
	EndGlobalSection
	GlobalSection(ProjectConfigurationPlatforms) = postSolution
		{290F06F5-34A2-4978-AA42-776275BF48CD}.Debug|Any CPU.ActiveCfg = Debug|Any CPU
		{290F06F5-34A2-4978-AA42-776275BF48CD}.Debug|Any CPU.Build.0 = Debug|Any CPU
		{290F06F5-34A2-4978-AA42-776275BF48CD}.Release|Any CPU.ActiveCfg = Release|Any CPU
		{290F06F5-34A2-4978-AA42-776275BF48CD}.Release|Any CPU.Build.0 = Release|Any CPU
		{B579D0C8-44A0-46D0-8CDD-4E8AE85E0292}.Debug|Any CPU.ActiveCfg = Debug|Any CPU
		{B579D0C8-44A0-46D0-8CDD-4E8AE85E0292}.Debug|Any CPU.Build.0 = Debug|Any CPU
		{B579D0C8-44A0-46D0-8CDD-4E8AE85E0292}.Release|Any CPU.ActiveCfg = Release|Any CPU
		{B579D0C8-44A0-46D0-8CDD-4E8AE85E0292}.Release|Any CPU.Build.0 = Release|Any CPU
	EndGlobalSection
	GlobalSection(SolutionProperties) = preSolution
		HideSolutionNode = FALSE
	EndGlobalSection
EndGlobal
